
Microsoft Visual Studio Solution File, Format Version 12.00
# Visual Studio Version 17
VisualStudioVersion = 17.5.002.0
MinimumVisualStudioVersion = 10.0.40219.1
Project("{9A19103F-16F7-4668-BE54-9A1E7A4F7556}") = "ConsoleApp", "ConsoleApp.csproj", "{21A4DEFD-908E-4726-AD19-6C8E1C0279F2}"
EndProject
Global
	GlobalSection(SolutionConfigurationPlatforms) = preSolution
		Debug|Any CPU = Debug|Any CPU
		Release|Any CPU = Release|Any CPU
	EndGlobalSection
	GlobalSection(ProjectConfigurationPlatforms) = postSolution
		{21A4DEFD-908E-4726-AD19-6C8E1C0279F2}.Debug|Any CPU.ActiveCfg = Debug|Any CPU
		{21A4DEFD-908E-4726-AD19-6C8E1C0279F2}.Debug|Any CPU.Build.0 = Debug|Any CPU
		{21A4DEFD-908E-4726-AD19-6C8E1C0279F2}.Release|Any CPU.ActiveCfg = Release|Any CPU
		{21A4DEFD-908E-4726-AD19-6C8E1C0279F2}.Release|Any CPU.Build.0 = Release|Any CPU
	EndGlobalSection
	GlobalSection(SolutionProperties) = preSolution
		HideSolutionNode = FALSE
	EndGlobalSection
	GlobalSection(ExtensibilityGlobals) = postSolution
		SolutionGuid = {51758822-6C08-4E1C-BC92-F1F44D9AA1F1}
	EndGlobalSection
EndGlobal
